// !$*UTF8*$!
{
	archiveVersion = 1;
	classes = {
	};
	objectVersion = 46;
	objects = {

/* Begin PBXBuildFile section */
		6B23A4611E414EB100A1CBC9 /* AppDelegate.swift in Sources */ = {isa = PBXBuildFile; fileRef = 6B23A4601E414EB100A1CBC9 /* AppDelegate.swift */; };
		6B23A4641E414EB100A1CBC9 /* Pokedex.xcdatamodeld in Sources */ = {isa = PBXBuildFile; fileRef = 6B23A4621E414EB100A1CBC9 /* Pokedex.xcdatamodeld */; };
		6B23A4661E414EB100A1CBC9 /* MasterViewController.swift in Sources */ = {isa = PBXBuildFile; fileRef = 6B23A4651E414EB100A1CBC9 /* MasterViewController.swift */; };
		6B23A4681E414EB100A1CBC9 /* DetailViewController.swift in Sources */ = {isa = PBXBuildFile; fileRef = 6B23A4671E414EB100A1CBC9 /* DetailViewController.swift */; };
		6B23A46B1E414EB100A1CBC9 /* Main.storyboard in Resources */ = {isa = PBXBuildFile; fileRef = 6B23A4691E414EB100A1CBC9 /* Main.storyboard */; };
		6B23A46D1E414EB100A1CBC9 /* Assets.xcassets in Resources */ = {isa = PBXBuildFile; fileRef = 6B23A46C1E414EB100A1CBC9 /* Assets.xcassets */; };
		6B23A4701E414EB100A1CBC9 /* LaunchScreen.storyboard in Resources */ = {isa = PBXBuildFile; fileRef = 6B23A46E1E414EB100A1CBC9 /* LaunchScreen.storyboard */; };
		6B23A47B1E414EB100A1CBC9 /* PokedexTests.swift in Sources */ = {isa = PBXBuildFile; fileRef = 6B23A47A1E414EB100A1CBC9 /* PokedexTests.swift */; };
		6B23A4861E414EB100A1CBC9 /* PokedexUITests.swift in Sources */ = {isa = PBXBuildFile; fileRef = 6B23A4851E414EB100A1CBC9 /* PokedexUITests.swift */; };
/* End PBXBuildFile section */

/* Begin PBXContainerItemProxy section */
		6B23A4771E414EB100A1CBC9 /* PBXContainerItemProxy */ = {
			isa = PBXContainerItemProxy;
			containerPortal = 6B23A4551E414EB000A1CBC9 /* Project object */;
			proxyType = 1;
			remoteGlobalIDString = 6B23A45C1E414EB100A1CBC9;
			remoteInfo = Pokedex;
		};
		6B23A4821E414EB100A1CBC9 /* PBXContainerItemProxy */ = {
			isa = PBXContainerItemProxy;
			containerPortal = 6B23A4551E414EB000A1CBC9 /* Project object */;
			proxyType = 1;
			remoteGlobalIDString = 6B23A45C1E414EB100A1CBC9;
			remoteInfo = Pokedex;
		};
/* End PBXContainerItemProxy section */

/* Begin PBXFileReference section */
		6B23A45D1E414EB100A1CBC9 /* Pokedex.app */ = {isa = PBXFileReference; explicitFileType = wrapper.application; includeInIndex = 0; path = Pokedex.app; sourceTree = BUILT_PRODUCTS_DIR; };
		6B23A4601E414EB100A1CBC9 /* AppDelegate.swift */ = {isa = PBXFileReference; lastKnownFileType = sourcecode.swift; path = AppDelegate.swift; sourceTree = "<group>"; };
		6B23A4631E414EB100A1CBC9 /* Pokedex.xcdatamodel */ = {isa = PBXFileReference; lastKnownFileType = wrapper.xcdatamodel; path = Pokedex.xcdatamodel; sourceTree = "<group>"; };
		6B23A4651E414EB100A1CBC9 /* MasterViewController.swift */ = {isa = PBXFileReference; lastKnownFileType = sourcecode.swift; path = MasterViewController.swift; sourceTree = "<group>"; };
		6B23A4671E414EB100A1CBC9 /* DetailViewController.swift */ = {isa = PBXFileReference; lastKnownFileType = sourcecode.swift; path = DetailViewController.swift; sourceTree = "<group>"; };
		6B23A46A1E414EB100A1CBC9 /* Base */ = {isa = PBXFileReference; lastKnownFileType = file.storyboard; name = Base; path = Base.lproj/Main.storyboard; sourceTree = "<group>"; };
		6B23A46C1E414EB100A1CBC9 /* Assets.xcassets */ = {isa = PBXFileReference; lastKnownFileType = folder.assetcatalog; path = Assets.xcassets; sourceTree = "<group>"; };
		6B23A46F1E414EB100A1CBC9 /* Base */ = {isa = PBXFileReference; lastKnownFileType = file.storyboard; name = Base; path = Base.lproj/LaunchScreen.storyboard; sourceTree = "<group>"; };
		6B23A4711E414EB100A1CBC9 /* Info.plist */ = {isa = PBXFileReference; lastKnownFileType = text.plist.xml; path = Info.plist; sourceTree = "<group>"; };
		6B23A4761E414EB100A1CBC9 /* PokedexTests.xctest */ = {isa = PBXFileReference; explicitFileType = wrapper.cfbundle; includeInIndex = 0; path = PokedexTests.xctest; sourceTree = BUILT_PRODUCTS_DIR; };
		6B23A47A1E414EB100A1CBC9 /* PokedexTests.swift */ = {isa = PBXFileReference; lastKnownFileType = sourcecode.swift; path = PokedexTests.swift; sourceTree = "<group>"; };
		6B23A47C1E414EB100A1CBC9 /* Info.plist */ = {isa = PBXFileReference; lastKnownFileType = text.plist.xml; path = Info.plist; sourceTree = "<group>"; };
		6B23A4811E414EB100A1CBC9 /* PokedexUITests.xctest */ = {isa = PBXFileReference; explicitFileType = wrapper.cfbundle; includeInIndex = 0; path = PokedexUITests.xctest; sourceTree = BUILT_PRODUCTS_DIR; };
		6B23A4851E414EB100A1CBC9 /* PokedexUITests.swift */ = {isa = PBXFileReference; lastKnownFileType = sourcecode.swift; path = PokedexUITests.swift; sourceTree = "<group>"; };
		6B23A4871E414EB100A1CBC9 /* Info.plist */ = {isa = PBXFileReference; lastKnownFileType = text.plist.xml; path = Info.plist; sourceTree = "<group>"; };
/* End PBXFileReference section */

/* Begin PBXFrameworksBuildPhase section */
		6B23A45A1E414EB100A1CBC9 /* Frameworks */ = {
			isa = PBXFrameworksBuildPhase;
			buildActionMask = 2147483647;
			files = (
			);
			runOnlyForDeploymentPostprocessing = 0;
		};
		6B23A4731E414EB100A1CBC9 /* Frameworks */ = {
			isa = PBXFrameworksBuildPhase;
			buildActionMask = 2147483647;
			files = (
			);
			runOnlyForDeploymentPostprocessing = 0;
		};
		6B23A47E1E414EB100A1CBC9 /* Frameworks */ = {
			isa = PBXFrameworksBuildPhase;
			buildActionMask = 2147483647;
			files = (
			);
			runOnlyForDeploymentPostprocessing = 0;
		};
/* End PBXFrameworksBuildPhase section */

/* Begin PBXGroup section */
		6B23A4541E414EB000A1CBC9 = {
			isa = PBXGroup;
			children = (
				6B23A45F1E414EB100A1CBC9 /* Pokedex */,
				6B23A4791E414EB100A1CBC9 /* PokedexTests */,
				6B23A4841E414EB100A1CBC9 /* PokedexUITests */,
				6B23A45E1E414EB100A1CBC9 /* Products */,
			);
			sourceTree = "<group>";
		};
		6B23A45E1E414EB100A1CBC9 /* Products */ = {
			isa = PBXGroup;
			children = (
				6B23A45D1E414EB100A1CBC9 /* Pokedex.app */,
				6B23A4761E414EB100A1CBC9 /* PokedexTests.xctest */,
				6B23A4811E414EB100A1CBC9 /* PokedexUITests.xctest */,
			);
			name = Products;
			sourceTree = "<group>";
		};
		6B23A45F1E414EB100A1CBC9 /* Pokedex */ = {
			isa = PBXGroup;
			children = (
				6B23A4601E414EB100A1CBC9 /* AppDelegate.swift */,
				6B23A4651E414EB100A1CBC9 /* MasterViewController.swift */,
				6B23A4671E414EB100A1CBC9 /* DetailViewController.swift */,
				6B23A4691E414EB100A1CBC9 /* Main.storyboard */,
				6B23A46C1E414EB100A1CBC9 /* Assets.xcassets */,
				6B23A46E1E414EB100A1CBC9 /* LaunchScreen.storyboard */,
				6B23A4711E414EB100A1CBC9 /* Info.plist */,
				6B23A4621E414EB100A1CBC9 /* Pokedex.xcdatamodeld */,
			);
			path = Pokedex;
			sourceTree = "<group>";
		};
		6B23A4791E414EB100A1CBC9 /* PokedexTests */ = {
			isa = PBXGroup;
			children = (
				6B23A47A1E414EB100A1CBC9 /* PokedexTests.swift */,
				6B23A47C1E414EB100A1CBC9 /* Info.plist */,
			);
			path = PokedexTests;
			sourceTree = "<group>";
		};
		6B23A4841E414EB100A1CBC9 /* PokedexUITests */ = {
			isa = PBXGroup;
			children = (
				6B23A4851E414EB100A1CBC9 /* PokedexUITests.swift */,
				6B23A4871E414EB100A1CBC9 /* Info.plist */,
			);
			path = PokedexUITests;
			sourceTree = "<group>";
		};
/* End PBXGroup section */

/* Begin PBXNativeTarget section */
		6B23A45C1E414EB100A1CBC9 /* Pokedex */ = {
			isa = PBXNativeTarget;
			buildConfigurationList = 6B23A48A1E414EB100A1CBC9 /* Build configuration list for PBXNativeTarget "Pokedex" */;
			buildPhases = (
				6B23A4591E414EB100A1CBC9 /* Sources */,
				6B23A45A1E414EB100A1CBC9 /* Frameworks */,
				6B23A45B1E414EB100A1CBC9 /* Resources */,
			);
			buildRules = (
			);
			dependencies = (
			);
			name = Pokedex;
			productName = Pokedex;
			productReference = 6B23A45D1E414EB100A1CBC9 /* Pokedex.app */;
			productType = "com.apple.product-type.application";
		};
		6B23A4751E414EB100A1CBC9 /* PokedexTests */ = {
			isa = PBXNativeTarget;
			buildConfigurationList = 6B23A48D1E414EB100A1CBC9 /* Build configuration list for PBXNativeTarget "PokedexTests" */;
			buildPhases = (
				6B23A4721E414EB100A1CBC9 /* Sources */,
				6B23A4731E414EB100A1CBC9 /* Frameworks */,
				6B23A4741E414EB100A1CBC9 /* Resources */,
			);
			buildRules = (
			);
			dependencies = (
				6B23A4781E414EB100A1CBC9 /* PBXTargetDependency */,
			);
			name = PokedexTests;
			productName = PokedexTests;
			productReference = 6B23A4761E414EB100A1CBC9 /* PokedexTests.xctest */;
			productType = "com.apple.product-type.bundle.unit-test";
		};
		6B23A4801E414EB100A1CBC9 /* PokedexUITests */ = {
			isa = PBXNativeTarget;
			buildConfigurationList = 6B23A4901E414EB100A1CBC9 /* Build configuration list for PBXNativeTarget "PokedexUITests" */;
			buildPhases = (
				6B23A47D1E414EB100A1CBC9 /* Sources */,
				6B23A47E1E414EB100A1CBC9 /* Frameworks */,
				6B23A47F1E414EB100A1CBC9 /* Resources */,
			);
			buildRules = (
			);
			dependencies = (
				6B23A4831E414EB100A1CBC9 /* PBXTargetDependency */,
			);
			name = PokedexUITests;
			productName = PokedexUITests;
			productReference = 6B23A4811E414EB100A1CBC9 /* PokedexUITests.xctest */;
			productType = "com.apple.product-type.bundle.ui-testing";
		};
/* End PBXNativeTarget section */

/* Begin PBXProject section */
		6B23A4551E414EB000A1CBC9 /* Project object */ = {
			isa = PBXProject;
			attributes = {
				LastSwiftUpdateCheck = 0820;
				LastUpgradeCheck = 0820;
				ORGANIZATIONNAME = "Lucas Pasa";
				TargetAttributes = {
					6B23A45C1E414EB100A1CBC9 = {
						CreatedOnToolsVersion = 8.2.1;
						ProvisioningStyle = Automatic;
					};
					6B23A4751E414EB100A1CBC9 = {
						CreatedOnToolsVersion = 8.2.1;
						ProvisioningStyle = Automatic;
						TestTargetID = 6B23A45C1E414EB100A1CBC9;
					};
					6B23A4801E414EB100A1CBC9 = {
						CreatedOnToolsVersion = 8.2.1;
						ProvisioningStyle = Automatic;
						TestTargetID = 6B23A45C1E414EB100A1CBC9;
					};
				};
			};
			buildConfigurationList = 6B23A4581E414EB000A1CBC9 /* Build configuration list for PBXProject "Pokedex" */;
			compatibilityVersion = "Xcode 3.2";
			developmentRegion = English;
			hasScannedForEncodings = 0;
			knownRegions = (
				en,
				Base,
			);
			mainGroup = 6B23A4541E414EB000A1CBC9;
			productRefGroup = 6B23A45E1E414EB100A1CBC9 /* Products */;
			projectDirPath = "";
			projectRoot = "";
			targets = (
				6B23A45C1E414EB100A1CBC9 /* Pokedex */,
				6B23A4751E414EB100A1CBC9 /* PokedexTests */,
				6B23A4801E414EB100A1CBC9 /* PokedexUITests */,
			);
		};
/* End PBXProject section */

/* Begin PBXResourcesBuildPhase section */
		6B23A45B1E414EB100A1CBC9 /* Resources */ = {
			isa = PBXResourcesBuildPhase;
			buildActionMask = 2147483647;
			files = (
				6B23A4701E414EB100A1CBC9 /* LaunchScreen.storyboard in Resources */,
				6B23A46D1E414EB100A1CBC9 /* Assets.xcassets in Resources */,
				6B23A46B1E414EB100A1CBC9 /* Main.storyboard in Resources */,
			);
			runOnlyForDeploymentPostprocessing = 0;
		};
		6B23A4741E414EB100A1CBC9 /* Resources */ = {
			isa = PBXResourcesBuildPhase;
			buildActionMask = 2147483647;
			files = (
			);
			runOnlyForDeploymentPostprocessing = 0;
		};
		6B23A47F1E414EB100A1CBC9 /* Resources */ = {
			isa = PBXResourcesBuildPhase;
			buildActionMask = 2147483647;
			files = (
			);
			runOnlyForDeploymentPostprocessing = 0;
		};
/* End PBXResourcesBuildPhase section */

/* Begin PBXSourcesBuildPhase section */
		6B23A4591E414EB100A1CBC9 /* Sources */ = {
			isa = PBXSourcesBuildPhase;
			buildActionMask = 2147483647;
			files = (
				6B23A4641E414EB100A1CBC9 /* Pokedex.xcdatamodeld in Sources */,
				6B23A4611E414EB100A1CBC9 /* AppDelegate.swift in Sources */,
				6B23A4661E414EB100A1CBC9 /* MasterViewController.swift in Sources */,
				6B23A4681E414EB100A1CBC9 /* DetailViewController.swift in Sources */,
			);
			runOnlyForDeploymentPostprocessing = 0;
		};
		6B23A4721E414EB100A1CBC9 /* Sources */ = {
			isa = PBXSourcesBuildPhase;
			buildActionMask = 2147483647;
			files = (
				6B23A47B1E414EB100A1CBC9 /* PokedexTests.swift in Sources */,
			);
			runOnlyForDeploymentPostprocessing = 0;
		};
		6B23A47D1E414EB100A1CBC9 /* Sources */ = {
			isa = PBXSourcesBuildPhase;
			buildActionMask = 2147483647;
			files = (
				6B23A4861E414EB100A1CBC9 /* PokedexUITests.swift in Sources */,
			);
			runOnlyForDeploymentPostprocessing = 0;
		};
/* End PBXSourcesBuildPhase section */

/* Begin PBXTargetDependency section */
		6B23A4781E414EB100A1CBC9 /* PBXTargetDependency */ = {
			isa = PBXTargetDependency;
			target = 6B23A45C1E414EB100A1CBC9 /* Pokedex */;
			targetProxy = 6B23A4771E414EB100A1CBC9 /* PBXContainerItemProxy */;
		};
		6B23A4831E414EB100A1CBC9 /* PBXTargetDependency */ = {
			isa = PBXTargetDependency;
			target = 6B23A45C1E414EB100A1CBC9 /* Pokedex */;
			targetProxy = 6B23A4821E414EB100A1CBC9 /* PBXContainerItemProxy */;
		};
/* End PBXTargetDependency section */

/* Begin PBXVariantGroup section */
		6B23A4691E414EB100A1CBC9 /* Main.storyboard */ = {
			isa = PBXVariantGroup;
			children = (
				6B23A46A1E414EB100A1CBC9 /* Base */,
			);
			name = Main.storyboard;
			sourceTree = "<group>";
		};
		6B23A46E1E414EB100A1CBC9 /* LaunchScreen.storyboard */ = {
			isa = PBXVariantGroup;
			children = (
				6B23A46F1E414EB100A1CBC9 /* Base */,
			);
			name = LaunchScreen.storyboard;
			sourceTree = "<group>";
		};
/* End PBXVariantGroup section */

/* Begin XCBuildConfiguration section */
		6B23A4881E414EB100A1CBC9 /* Debug */ = {
			isa = XCBuildConfiguration;
			buildSettings = {
				ALWAYS_SEARCH_USER_PATHS = NO;
				CLANG_ANALYZER_NONNULL = YES;
				CLANG_CXX_LANGUAGE_STANDARD = "gnu++0x";
				CLANG_CXX_LIBRARY = "libc++";
				CLANG_ENABLE_MODULES = YES;
				CLANG_ENABLE_OBJC_ARC = YES;
				CLANG_WARN_BOOL_CONVERSION = YES;
				CLANG_WARN_CONSTANT_CONVERSION = YES;
				CLANG_WARN_DIRECT_OBJC_ISA_USAGE = YES_ERROR;
				CLANG_WARN_DOCUMENTATION_COMMENTS = YES;
				CLANG_WARN_EMPTY_BODY = YES;
				CLANG_WARN_ENUM_CONVERSION = YES;
				CLANG_WARN_INFINITE_RECURSION = YES;
				CLANG_WARN_INT_CONVERSION = YES;
				CLANG_WARN_OBJC_ROOT_CLASS = YES_ERROR;
				CLANG_WARN_SUSPICIOUS_MOVE = YES;
				CLANG_WARN_UNREACHABLE_CODE = YES;
				CLANG_WARN__DUPLICATE_METHOD_MATCH = YES;
				"CODE_SIGN_IDENTITY[sdk=iphoneos*]" = "iPhone Developer";
				COPY_PHASE_STRIP = NO;
				DEBUG_INFORMATION_FORMAT = dwarf;
				ENABLE_STRICT_OBJC_MSGSEND = YES;
				ENABLE_TESTABILITY = YES;
				GCC_C_LANGUAGE_STANDARD = gnu99;
				GCC_DYNAMIC_NO_PIC = NO;
				GCC_NO_COMMON_BLOCKS = YES;
				GCC_OPTIMIZATION_LEVEL = 0;
				GCC_PREPROCESSOR_DEFINITIONS = (
					"DEBUG=1",
					"$(inherited)",
				);
				GCC_WARN_64_TO_32_BIT_CONVERSION = YES;
				GCC_WARN_ABOUT_RETURN_TYPE = YES_ERROR;
				GCC_WARN_UNDECLARED_SELECTOR = YES;
				GCC_WARN_UNINITIALIZED_AUTOS = YES_AGGRESSIVE;
				GCC_WARN_UNUSED_FUNCTION = YES;
				GCC_WARN_UNUSED_VARIABLE = YES;
				IPHONEOS_DEPLOYMENT_TARGET = 10.2;
				MTL_ENABLE_DEBUG_INFO = YES;
				ONLY_ACTIVE_ARCH = YES;
				SDKROOT = iphoneos;
				SWIFT_ACTIVE_COMPILATION_CONDITIONS = DEBUG;
				SWIFT_OPTIMIZATION_LEVEL = "-Onone";
				TARGETED_DEVICE_FAMILY = "1,2";
			};
			name = Debug;
		};
		6B23A4891E414EB100A1CBC9 /* Release */ = {
			isa = XCBuildConfiguration;
			buildSettings = {
				ALWAYS_SEARCH_USER_PATHS = NO;
				CLANG_ANALYZER_NONNULL = YES;
				CLANG_CXX_LANGUAGE_STANDARD = "gnu++0x";
				CLANG_CXX_LIBRARY = "libc++";
				CLANG_ENABLE_MODULES = YES;
				CLANG_ENABLE_OBJC_ARC = YES;
				CLANG_WARN_BOOL_CONVERSION = YES;
				CLANG_WARN_CONSTANT_CONVERSION = YES;
				CLANG_WARN_DIRECT_OBJC_ISA_USAGE = YES_ERROR;
				CLANG_WARN_DOCUMENTATION_COMMENTS = YES;
				CLANG_WARN_EMPTY_BODY = YES;
				CLANG_WARN_ENUM_CONVERSION = YES;
				CLANG_WARN_INFINITE_RECURSION = YES;
				CLANG_WARN_INT_CONVERSION = YES;
				CLANG_WARN_OBJC_ROOT_CLASS = YES_ERROR;
				CLANG_WARN_SUSPICIOUS_MOVE = YES;
				CLANG_WARN_UNREACHABLE_CODE = YES;
				CLANG_WARN__DUPLICATE_METHOD_MATCH = YES;
				"CODE_SIGN_IDENTITY[sdk=iphoneos*]" = "iPhone Developer";
				COPY_PHASE_STRIP = NO;
				DEBUG_INFORMATION_FORMAT = "dwarf-with-dsym";
				ENABLE_NS_ASSERTIONS = NO;
				ENABLE_STRICT_OBJC_MSGSEND = YES;
				GCC_C_LANGUAGE_STANDARD = gnu99;
				GCC_NO_COMMON_BLOCKS = YES;
				GCC_WARN_64_TO_32_BIT_CONVERSION = YES;
				GCC_WARN_ABOUT_RETURN_TYPE = YES_ERROR;
				GCC_WARN_UNDECLARED_SELECTOR = YES;
				GCC_WARN_UNINITIALIZED_AUTOS = YES_AGGRESSIVE;
				GCC_WARN_UNUSED_FUNCTION = YES;
				GCC_WARN_UNUSED_VARIABLE = YES;
				IPHONEOS_DEPLOYMENT_TARGET = 10.2;
				MTL_ENABLE_DEBUG_INFO = NO;
				SDKROOT = iphoneos;
				SWIFT_OPTIMIZATION_LEVEL = "-Owholemodule";
				TARGETED_DEVICE_FAMILY = "1,2";
				VALIDATE_PRODUCT = YES;
			};
			name = Release;
		};
		6B23A48B1E414EB100A1CBC9 /* Debug */ = {
			isa = XCBuildConfiguration;
			buildSettings = {
				ASSETCATALOG_COMPILER_APPICON_NAME = AppIcon;
				INFOPLIST_FILE = Pokedex/Info.plist;
				LD_RUNPATH_SEARCH_PATHS = "$(inherited) @executable_path/Frameworks";
				PRODUCT_BUNDLE_IDENTIFIER = br.com.devzulpo.Pokedex;
				PRODUCT_NAME = "$(TARGET_NAME)";
				SWIFT_VERSION = 3.0;
			};
			name = Debug;
		};
		6B23A48C1E414EB100A1CBC9 /* Release */ = {
			isa = XCBuildConfiguration;
			buildSettings = {
				ASSETCATALOG_COMPILER_APPICON_NAME = AppIcon;
				INFOPLIST_FILE = Pokedex/Info.plist;
				LD_RUNPATH_SEARCH_PATHS = "$(inherited) @executable_path/Frameworks";
				PRODUCT_BUNDLE_IDENTIFIER = br.com.devzulpo.Pokedex;
				PRODUCT_NAME = "$(TARGET_NAME)";
				SWIFT_VERSION = 3.0;
			};
			name = Release;
		};
		6B23A48E1E414EB100A1CBC9 /* Debug */ = {
			isa = XCBuildConfiguration;
			buildSettings = {
				ALWAYS_EMBED_SWIFT_STANDARD_LIBRARIES = YES;
				BUNDLE_LOADER = "$(TEST_HOST)";
				INFOPLIST_FILE = PokedexTests/Info.plist;
				LD_RUNPATH_SEARCH_PATHS = "$(inherited) @executable_path/Frameworks @loader_path/Frameworks";
				PRODUCT_BUNDLE_IDENTIFIER = br.com.devzulpo.PokedexTests;
				PRODUCT_NAME = "$(TARGET_NAME)";
				SWIFT_VERSION = 3.0;
				TEST_HOST = "$(BUILT_PRODUCTS_DIR)/Pokedex.app/Pokedex";
			};
			name = Debug;
		};
		6B23A48F1E414EB100A1CBC9 /* Release */ = {
			isa = XCBuildConfiguration;
			buildSettings = {
				ALWAYS_EMBED_SWIFT_STANDARD_LIBRARIES = YES;
				BUNDLE_LOADER = "$(TEST_HOST)";
				INFOPLIST_FILE = PokedexTests/Info.plist;
				LD_RUNPATH_SEARCH_PATHS = "$(inherited) @executable_path/Frameworks @loader_path/Frameworks";
				PRODUCT_BUNDLE_IDENTIFIER = br.com.devzulpo.PokedexTests;
				PRODUCT_NAME = "$(TARGET_NAME)";
				SWIFT_VERSION = 3.0;
				TEST_HOST = "$(BUILT_PRODUCTS_DIR)/Pokedex.app/Pokedex";
			};
			name = Release;
		};
		6B23A4911E414EB100A1CBC9 /* Debug */ = {
			isa = XCBuildConfiguration;
			buildSettings = {
				ALWAYS_EMBED_SWIFT_STANDARD_LIBRARIES = YES;
				INFOPLIST_FILE = PokedexUITests/Info.plist;
				LD_RUNPATH_SEARCH_PATHS = "$(inherited) @executable_path/Frameworks @loader_path/Frameworks";
				PRODUCT_BUNDLE_IDENTIFIER = br.com.devzulpo.PokedexUITests;
				PRODUCT_NAME = "$(TARGET_NAME)";
				SWIFT_VERSION = 3.0;
				TEST_TARGET_NAME = Pokedex;
			};
			name = Debug;
		};
		6B23A4921E414EB100A1CBC9 /* Release */ = {
			isa = XCBuildConfiguration;
			buildSettings = {
				ALWAYS_EMBED_SWIFT_STANDARD_LIBRARIES = YES;
				INFOPLIST_FILE = PokedexUITests/Info.plist;
				LD_RUNPATH_SEARCH_PATHS = "$(inherited) @executable_path/Frameworks @loader_path/Frameworks";
				PRODUCT_BUNDLE_IDENTIFIER = br.com.devzulpo.PokedexUITests;
				PRODUCT_NAME = "$(TARGET_NAME)";
				SWIFT_VERSION = 3.0;
				TEST_TARGET_NAME = Pokedex;
			};
			name = Release;
		};
/* End XCBuildConfiguration section */

/* Begin XCConfigurationList section */
		6B23A4581E414EB000A1CBC9 /* Build configuration list for PBXProject "Pokedex" */ = {
			isa = XCConfigurationList;
			buildConfigurations = (
				6B23A4881E414EB100A1CBC9 /* Debug */,
				6B23A4891E414EB100A1CBC9 /* Release */,
			);
			defaultConfigurationIsVisible = 0;
			defaultConfigurationName = Release;
		};
		6B23A48A1E414EB100A1CBC9 /* Build configuration list for PBXNativeTarget "Pokedex" */ = {
			isa = XCConfigurationList;
			buildConfigurations = (
				6B23A48B1E414EB100A1CBC9 /* Debug */,
				6B23A48C1E414EB100A1CBC9 /* Release */,
			);
			defaultConfigurationIsVisible = 0;
		};
		6B23A48D1E414EB100A1CBC9 /* Build configuration list for PBXNativeTarget "PokedexTests" */ = {
			isa = XCConfigurationList;
			buildConfigurations = (
				6B23A48E1E414EB100A1CBC9 /* Debug */,
				6B23A48F1E414EB100A1CBC9 /* Release */,
			);
			defaultConfigurationIsVisible = 0;
		};
		6B23A4901E414EB100A1CBC9 /* Build configuration list for PBXNativeTarget "PokedexUITests" */ = {
			isa = XCConfigurationList;
			buildConfigurations = (
				6B23A4911E414EB100A1CBC9 /* Debug */,
				6B23A4921E414EB100A1CBC9 /* Release */,
			);
			defaultConfigurationIsVisible = 0;
		};
/* End XCConfigurationList section */

/* Begin XCVersionGroup section */
		6B23A4621E414EB100A1CBC9 /* Pokedex.xcdatamodeld */ = {
			isa = XCVersionGroup;
			children = (
				6B23A4631E414EB100A1CBC9 /* Pokedex.xcdatamodel */,
			);
			currentVersion = 6B23A4631E414EB100A1CBC9 /* Pokedex.xcdatamodel */;
			path = Pokedex.xcdatamodeld;
			sourceTree = "<group>";
			versionGroupType = wrapper.xcdatamodel;
		};
/* End XCVersionGroup section */
	};
	rootObject = 6B23A4551E414EB000A1CBC9 /* Project object */;
}
